Microsoft Visual Studio Solution File, Format Version 12.00
# Visual Studio 15
VisualStudioVersion = 15.0.28307.168
MinimumVisualStudioVersion = 10.0.40219.1
Project("{FAE04EC0-301F-11D3-BF4B-00C04F79EFBC}") = "ProjetosCADLaser", "ProjetosCADLaser\ProjetosCADLaser.csproj", "{B8BE2E35-3A6B-4A8B-B461-A097A86C388D}"
EndProject
Project("{FAE04EC0-301F-11D3-BF4B-00C04F79EFBC}") = "ProjetosCADLaser.Launcher", "ProjetosCADLaser.Launcher\ProjetosCADLaser.Launcher.csproj", "{A49A2C4E-4DD7-4E34-8E69-6E91B0C76CC5}"
EndProject
Project("{FAE04EC0-301F-11D3-BF4B-00C04F79EFBC}") = "ProjetosCADLaser.Tests", "ProjetosCADLaser.Tests\ProjetosCADLaser.Tests.csproj", "{D69516FD-6925-4914-B7DC-8D7893D5F024}"
EndProject
Global
	GlobalSection(SolutionConfigurationPlatforms) = preSolution
		Debug|Any CPU = Debug|Any CPU
		Release|Any CPU = Release|Any CPU
	EndGlobalSection
	GlobalSection(ProjectConfigurationPlatforms) = postSolution
		{B8BE2E35-3A6B-4A8B-B461-A097A86C388D}.Debug|Any CPU.ActiveCfg = Debug|Any CPU
		{B8BE2E35-3A6B-4A8B-B461-A097A86C388D}.Debug|Any CPU.Build.0 = Debug|Any CPU
		{B8BE2E35-3A6B-4A8B-B461-A097A86C388D}.Release|Any CPU.ActiveCfg = Release|Any CPU
		{B8BE2E35-3A6B-4A8B-B461-A097A86C388D}.Release|Any CPU.Build.0 = Release|Any CPU
		{D69516FD-6925-4914-B7DC-8D7893D5F024}.Debug|Any CPU.ActiveCfg = Debug|Any CPU
		{D69516FD-6925-4914-B7DC-8D7893D5F024}.Debug|Any CPU.Build.0 = Debug|Any CPU
		{D69516FD-6925-4914-B7DC-8D7893D5F024}.Release|Any CPU.ActiveCfg = Release|Any CPU
		{D69516FD-6925-4914-B7DC-8D7893D5F024}.Release|Any CPU.Build.0 = Release|Any CPU
		{A49A2C4E-4DD7-4E34-8E69-6E91B0C76CC5}.Debug|Any CPU.ActiveCfg = Debug|AnyCPU
		{A49A2C4E-4DD7-4E34-8E69-6E91B0C76CC5}.Debug|Any CPU.Build.0 = Debug|AnyCPU
		{A49A2C4E-4DD7-4E34-8E69-6E91B0C76CC5}.Release|Any CPU.ActiveCfg = Release|AnyCPU
		{A49A2C4E-4DD7-4E34-8E69-6E91B0C76CC5}.Release|Any CPU.Build.0 = Release|AnyCPU
	EndGlobalSection
	GlobalSection(SolutionProperties) = preSolution
		HideSolutionNode = FALSE
	EndGlobalSection
EndGlobal
